
Microsoft Visual Studio Solution File, Format Version 12.00
# Visual Studio 14
VisualStudioVersion = 14.0.25420.1
MinimumVisualStudioVersion = 10.0.40219.1
Project("{2150E333-8FDC-42A3-9474-1A3956D46DE8}") = "src", "src", "{0EAE2C99-F87D-4A20-AE0E-3175331EDD41}"
EndProject
Project("{2150E333-8FDC-42A3-9474-1A3956D46DE8}") = "Solution Items", "Solution Items", "{2B26E7AB-866A-4E07-ACC7-2EC92760F13F}"
	ProjectSection(SolutionItems) = preProject
		global.json = global.json
	EndProjectSection
EndProject
Project("{8BB2217D-0F2D-49D1-97BC-3654ED321F3B}") = "BCore", "src\BCore\BCore.xproj", "{C6D8B616-73E6-4668-94F7-6BBC6C8EF8EB}"
EndProject
Global
	GlobalSection(SolutionConfigurationPlatforms) = preSolution
		Debug|Any CPU = Debug|Any CPU
		Release|Any CPU = Release|Any CPU
	EndGlobalSection
	GlobalSection(ProjectConfigurationPlatforms) = postSolution
		{C6D8B616-73E6-4668-94F7-6BBC6C8EF8EB}.Debug|Any CPU.ActiveCfg = Debug|Any CPU
		{C6D8B616-73E6-4668-94F7-6BBC6C8EF8EB}.Debug|Any CPU.Build.0 = Debug|Any CPU
		{C6D8B616-73E6-4668-94F7-6BBC6C8EF8EB}.Release|Any CPU.ActiveCfg = Release|Any CPU
		{C6D8B616-73E6-4668-94F7-6BBC6C8EF8EB}.Release|Any CPU.Build.0 = Release|Any CPU
	EndGlobalSection
	GlobalSection(SolutionProperties) = preSolution
		HideSolutionNode = FALSE
	EndGlobalSection
	GlobalSection(NestedProjects) = preSolution
		{C6D8B616-73E6-4668-94F7-6BBC6C8EF8EB} = {0EAE2C99-F87D-4A20-AE0E-3175331EDD41}
	EndGlobalSection
EndGlobal
